// !$*UTF8*$!
{
	archiveVersion = 1;
	classes = {
	};
	objectVersion = 52;
	objects = {

/* Begin PBXBuildFile section */
		ADF08F8D23F782F9007C0263 /* AppDelegate.swift in Sources */ = {isa = PBXBuildFile; fileRef = ADF08F8C23F782F9007C0263 /* AppDelegate.swift */; };
		ADF08F8F23F782F9007C0263 /* SceneDelegate.swift in Sources */ = {isa = PBXBuildFile; fileRef = ADF08F8E23F782F9007C0263 /* SceneDelegate.swift */; };
		ADF08F9123F782F9007C0263 /* ContentView.swift in Sources */ = {isa = PBXBuildFile; fileRef = ADF08F9023F782F9007C0263 /* ContentView.swift */; };
		ADF08F9323F782FC007C0263 /* Assets.xcassets in Resources */ = {isa = PBXBuildFile; fileRef = ADF08F9223F782FC007C0263 /* Assets.xcassets */; };
		ADF08F9623F782FC007C0263 /* Preview Assets.xcassets in Resources */ = {isa = PBXBuildFile; fileRef = ADF08F9523F782FC007C0263 /* Preview Assets.xcassets */; };
		ADF08F9923F782FC007C0263 /* LaunchScreen.storyboard in Resources */ = {isa = PBXBuildFile; fileRef = ADF08F9723F782FC007C0263 /* LaunchScreen.storyboard */; };
		ADF08FA223F7862D007C0263 /* Moya in Frameworks */ = {isa = PBXBuildFile; productRef = ADF08FA123F7862D007C0263 /* Moya */; };
		ADF08FA523F786DA007C0263 /* Hydra in Frameworks */ = {isa = PBXBuildFile; productRef = ADF08FA423F786DA007C0263 /* Hydra */; };
		ADF08FA823F7950B007C0263 /* JGProgressHUD in Frameworks */ = {isa = PBXBuildFile; productRef = ADF08FA723F7950B007C0263 /* JGProgressHUD */; };
		ADF08FAF23F79B3F007C0263 /* API.swift in Sources */ = {isa = PBXBuildFile; fileRef = ADF08FAE23F79B3F007C0263 /* API.swift */; };
/* End PBXBuildFile section */

/* Begin PBXFileReference section */
		ADF08F8923F782F9007C0263 /* Postable.app */ = {isa = PBXFileReference; explicitFileType = wrapper.application; includeInIndex = 0; path = Postable.app; sourceTree = BUILT_PRODUCTS_DIR; };
		ADF08F8C23F782F9007C0263 /* AppDelegate.swift */ = {isa = PBXFileReference; lastKnownFileType = sourcecode.swift; path = AppDelegate.swift; sourceTree = "<group>"; };
		ADF08F8E23F782F9007C0263 /* SceneDelegate.swift */ = {isa = PBXFileReference; lastKnownFileType = sourcecode.swift; path = SceneDelegate.swift; sourceTree = "<group>"; };
		ADF08F9023F782F9007C0263 /* ContentView.swift */ = {isa = PBXFileReference; lastKnownFileType = sourcecode.swift; path = ContentView.swift; sourceTree = "<group>"; };
		ADF08F9223F782FC007C0263 /* Assets.xcassets */ = {isa = PBXFileReference; lastKnownFileType = folder.assetcatalog; path = Assets.xcassets; sourceTree = "<group>"; };
		ADF08F9523F782FC007C0263 /* Preview Assets.xcassets */ = {isa = PBXFileReference; lastKnownFileType = folder.assetcatalog; path = "Preview Assets.xcassets"; sourceTree = "<group>"; };
		ADF08F9823F782FC007C0263 /* Base */ = {isa = PBXFileReference; lastKnownFileType = file.storyboard; name = Base; path = Base.lproj/LaunchScreen.storyboard; sourceTree = "<group>"; };
		ADF08F9A23F782FC007C0263 /* Info.plist */ = {isa = PBXFileReference; lastKnownFileType = text.plist.xml; path = Info.plist; sourceTree = "<group>"; };
		ADF08FAE23F79B3F007C0263 /* API.swift */ = {isa = PBXFileReference; lastKnownFileType = sourcecode.swift; path = API.swift; sourceTree = "<group>"; };
/* End PBXFileReference section */

/* Begin PBXFrameworksBuildPhase section */
		ADF08F8623F782F9007C0263 /* Frameworks */ = {
			isa = PBXFrameworksBuildPhase;
			buildActionMask = 2147483647;
			files = (
				ADF08FA223F7862D007C0263 /* Moya in Frameworks */,
				ADF08FA823F7950B007C0263 /* JGProgressHUD in Frameworks */,
				ADF08FA523F786DA007C0263 /* Hydra in Frameworks */,
			);
			runOnlyForDeploymentPostprocessing = 0;
		};
/* End PBXFrameworksBuildPhase section */

/* Begin PBXGroup section */
		ADF08F8023F782F9007C0263 = {
			isa = PBXGroup;
			children = (
				ADF08F8B23F782F9007C0263 /* Postable */,
				ADF08F8A23F782F9007C0263 /* Products */,
			);
			sourceTree = "<group>";
		};
		ADF08F8A23F782F9007C0263 /* Products */ = {
			isa = PBXGroup;
			children = (
				ADF08F8923F782F9007C0263 /* Postable.app */,
			);
			name = Products;
			sourceTree = "<group>";
		};
		ADF08F8B23F782F9007C0263 /* Postable */ = {
			isa = PBXGroup;
			children = (
				ADF08F8C23F782F9007C0263 /* AppDelegate.swift */,
				ADF08F8E23F782F9007C0263 /* SceneDelegate.swift */,
				ADF08F9023F782F9007C0263 /* ContentView.swift */,
				ADF08F9223F782FC007C0263 /* Assets.xcassets */,
				ADF08F9723F782FC007C0263 /* LaunchScreen.storyboard */,
				ADF08F9A23F782FC007C0263 /* Info.plist */,
				ADF08FAD23F79B2D007C0263 /* Model */,
				ADF08F9423F782FC007C0263 /* Preview Content */,
			);
			path = Postable;
			sourceTree = "<group>";
		};
		ADF08F9423F782FC007C0263 /* Preview Content */ = {
			isa = PBXGroup;
			children = (
				ADF08F9523F782FC007C0263 /* Preview Assets.xcassets */,
			);
			path = "Preview Content";
			sourceTree = "<group>";
		};
		ADF08FAD23F79B2D007C0263 /* Model */ = {
			isa = PBXGroup;
			children = (
				ADF08FAE23F79B3F007C0263 /* API.swift */,
			);
			path = Model;
			sourceTree = "<group>";
		};
/* End PBXGroup section */

/* Begin PBXNativeTarget section */
		ADF08F8823F782F9007C0263 /* Postable */ = {
			isa = PBXNativeTarget;
			buildConfigurationList = ADF08F9D23F782FC007C0263 /* Build configuration list for PBXNativeTarget "Postable" */;
			buildPhases = (
				ADF08F8523F782F9007C0263 /* Sources */,
				ADF08F8623F782F9007C0263 /* Frameworks */,
				ADF08F8723F782F9007C0263 /* Resources */,
				ADF08FAC23F799F4007C0263 /* ShellScript */,
			);
			buildRules = (
			);
			dependencies = (
			);
			name = Postable;
			packageProductDependencies = (
				ADF08FA123F7862D007C0263 /* Moya */,
				ADF08FA423F786DA007C0263 /* Hydra */,
				ADF08FA723F7950B007C0263 /* JGProgressHUD */,
			);
			productName = Postable;
			productReference = ADF08F8923F782F9007C0263 /* Postable.app */;
			productType = "com.apple.product-type.application";
		};
/* End PBXNativeTarget section */

/* Begin PBXProject section */
		ADF08F8123F782F9007C0263 /* Project object */ = {
			isa = PBXProject;
			attributes = {
				LastSwiftUpdateCheck = 1130;
				LastUpgradeCheck = 1130;
				ORGANIZATIONNAME = "Hiromu Nakano";
				TargetAttributes = {
					ADF08F8823F782F9007C0263 = {
						CreatedOnToolsVersion = 11.3.1;
					};
				};
			};
			buildConfigurationList = ADF08F8423F782F9007C0263 /* Build configuration list for PBXProject "Postable" */;
			compatibilityVersion = "Xcode 9.3";
			developmentRegion = en;
			hasScannedForEncodings = 0;
			knownRegions = (
				en,
				Base,
			);
			mainGroup = ADF08F8023F782F9007C0263;
			packageReferences = (
				ADF08FA023F7862D007C0263 /* XCRemoteSwiftPackageReference "Moya" */,
				ADF08FA323F786DA007C0263 /* XCRemoteSwiftPackageReference "Hydra" */,
				ADF08FA623F7950B007C0263 /* XCRemoteSwiftPackageReference "JGProgressHUD" */,
			);
			productRefGroup = ADF08F8A23F782F9007C0263 /* Products */;
			projectDirPath = "";
			projectRoot = "";
			targets = (
				ADF08F8823F782F9007C0263 /* Postable */,
			);
		};
/* End PBXProject section */

/* Begin PBXResourcesBuildPhase section */
		ADF08F8723F782F9007C0263 /* Resources */ = {
			isa = PBXResourcesBuildPhase;
			buildActionMask = 2147483647;
			files = (
				ADF08F9923F782FC007C0263 /* LaunchScreen.storyboard in Resources */,
				ADF08F9623F782FC007C0263 /* Preview Assets.xcassets in Resources */,
				ADF08F9323F782FC007C0263 /* Assets.xcassets in Resources */,
			);
			runOnlyForDeploymentPostprocessing = 0;
		};
/* End PBXResourcesBuildPhase section */

/* Begin PBXShellScriptBuildPhase section */
		ADF08FAC23F799F4007C0263 /* ShellScript */ = {
			isa = PBXShellScriptBuildPhase;
			buildActionMask = 2147483647;
			files = (
			);
			inputFileListPaths = (
			);
			inputPaths = (
			);
			outputFileListPaths = (
			);
			outputPaths = (
			);
			runOnlyForDeploymentPostprocessing = 0;
			shellPath = /bin/sh;
			shellScript = "if which swiftlint >/dev/null; then\n    swiftlint autocorrect --format\n    swiftlint\nelse\n    echo \"warning: SwiftLint not installed, download from https://github.com/realm/SwiftLint\"\nfi\n";
		};
/* End PBXShellScriptBuildPhase section */

/* Begin PBXSourcesBuildPhase section */
		ADF08F8523F782F9007C0263 /* Sources */ = {
			isa = PBXSourcesBuildPhase;
			buildActionMask = 2147483647;
			files = (
				ADF08F8D23F782F9007C0263 /* AppDelegate.swift in Sources */,
				ADF08F8F23F782F9007C0263 /* SceneDelegate.swift in Sources */,
				ADF08FAF23F79B3F007C0263 /* API.swift in Sources */,
				ADF08F9123F782F9007C0263 /* ContentView.swift in Sources */,
			);
			runOnlyForDeploymentPostprocessing = 0;
		};
/* End PBXSourcesBuildPhase section */

/* Begin PBXVariantGroup section */
		ADF08F9723F782FC007C0263 /* LaunchScreen.storyboard */ = {
			isa = PBXVariantGroup;
			children = (
				ADF08F9823F782FC007C0263 /* Base */,
			);
			name = LaunchScreen.storyboard;
			sourceTree = "<group>";
		};
/* End PBXVariantGroup section */

/* Begin XCBuildConfiguration section */
		ADF08F9B23F782FC007C0263 /* Debug */ = {
			isa = XCBuildConfiguration;
			buildSettings = {
				ALWAYS_SEARCH_USER_PATHS = NO;
				CLANG_ANALYZER_NONNULL = YES;
				CLANG_ANALYZER_NUMBER_OBJECT_CONVERSION = YES_AGGRESSIVE;
				CLANG_CXX_LANGUAGE_STANDARD = "gnu++14";
				CLANG_CXX_LIBRARY = "libc++";
				CLANG_ENABLE_MODULES = YES;
				CLANG_ENABLE_OBJC_ARC = YES;
				CLANG_ENABLE_OBJC_WEAK = YES;
				CLANG_WARN_BLOCK_CAPTURE_AUTORELEASING = YES;
				CLANG_WARN_BOOL_CONVERSION = YES;
				CLANG_WARN_COMMA = YES;
				CLANG_WARN_CONSTANT_CONVERSION = YES;
				CLANG_WARN_DEPRECATED_OBJC_IMPLEMENTATIONS = YES;
				CLANG_WARN_DIRECT_OBJC_ISA_USAGE = YES_ERROR;
				CLANG_WARN_DOCUMENTATION_COMMENTS = YES;
				CLANG_WARN_EMPTY_BODY = YES;
				CLANG_WARN_ENUM_CONVERSION = YES;
				CLANG_WARN_INFINITE_RECURSION = YES;
				CLANG_WARN_INT_CONVERSION = YES;
				CLANG_WARN_NON_LITERAL_NULL_CONVERSION = YES;
				CLANG_WARN_OBJC_IMPLICIT_RETAIN_SELF = YES;
				CLANG_WARN_OBJC_LITERAL_CONVERSION = YES;
				CLANG_WARN_OBJC_ROOT_CLASS = YES_ERROR;
				CLANG_WARN_RANGE_LOOP_ANALYSIS = YES;
				CLANG_WARN_STRICT_PROTOTYPES = YES;
				CLANG_WARN_SUSPICIOUS_MOVE = YES;
				CLANG_WARN_UNGUARDED_AVAILABILITY = YES_AGGRESSIVE;
				CLANG_WARN_UNREACHABLE_CODE = YES;
				CLANG_WARN__DUPLICATE_METHOD_MATCH = YES;
				COPY_PHASE_STRIP = NO;
				DEBUG_INFORMATION_FORMAT = dwarf;
				ENABLE_STRICT_OBJC_MSGSEND = YES;
				ENABLE_TESTABILITY = YES;
				GCC_C_LANGUAGE_STANDARD = gnu11;
				GCC_DYNAMIC_NO_PIC = NO;
				GCC_NO_COMMON_BLOCKS = YES;
				GCC_OPTIMIZATION_LEVEL = 0;
				GCC_PREPROCESSOR_DEFINITIONS = (
					"DEBUG=1",
					"$(inherited)",
				);
				GCC_WARN_64_TO_32_BIT_CONVERSION = YES;
				GCC_WARN_ABOUT_RETURN_TYPE = YES_ERROR;
				GCC_WARN_UNDECLARED_SELECTOR = YES;
				GCC_WARN_UNINITIALIZED_AUTOS = YES_AGGRESSIVE;
				GCC_WARN_UNUSED_FUNCTION = YES;
				GCC_WARN_UNUSED_VARIABLE = YES;
				IPHONEOS_DEPLOYMENT_TARGET = 13.2;
				MTL_ENABLE_DEBUG_INFO = INCLUDE_SOURCE;
				MTL_FAST_MATH = YES;
				ONLY_ACTIVE_ARCH = YES;
				SDKROOT = iphoneos;
				SWIFT_ACTIVE_COMPILATION_CONDITIONS = DEBUG;
				SWIFT_OPTIMIZATION_LEVEL = "-Onone";
			};
			name = Debug;
		};
		ADF08F9C23F782FC007C0263 /* Release */ = {
			isa = XCBuildConfiguration;
			buildSettings = {
				ALWAYS_SEARCH_USER_PATHS = NO;
				CLANG_ANALYZER_NONNULL = YES;
				CLANG_ANALYZER_NUMBER_OBJECT_CONVERSION = YES_AGGRESSIVE;
				CLANG_CXX_LANGUAGE_STANDARD = "gnu++14";
				CLANG_CXX_LIBRARY = "libc++";
				CLANG_ENABLE_MODULES = YES;
				CLANG_ENABLE_OBJC_ARC = YES;
				CLANG_ENABLE_OBJC_WEAK = YES;
				CLANG_WARN_BLOCK_CAPTURE_AUTORELEASING = YES;
				CLANG_WARN_BOOL_CONVERSION = YES;
				CLANG_WARN_COMMA = YES;
				CLANG_WARN_CONSTANT_CONVERSION = YES;
				CLANG_WARN_DEPRECATED_OBJC_IMPLEMENTATIONS = YES;
				CLANG_WARN_DIRECT_OBJC_ISA_USAGE = YES_ERROR;
				CLANG_WARN_DOCUMENTATION_COMMENTS = YES;
				CLANG_WARN_EMPTY_BODY = YES;
				CLANG_WARN_ENUM_CONVERSION = YES;
				CLANG_WARN_INFINITE_RECURSION = YES;
				CLANG_WARN_INT_CONVERSION = YES;
				CLANG_WARN_NON_LITERAL_NULL_CONVERSION = YES;
				CLANG_WARN_OBJC_IMPLICIT_RETAIN_SELF = YES;
				CLANG_WARN_OBJC_LITERAL_CONVERSION = YES;
				CLANG_WARN_OBJC_ROOT_CLASS = YES_ERROR;
				CLANG_WARN_RANGE_LOOP_ANALYSIS = YES;
				CLANG_WARN_STRICT_PROTOTYPES = YES;
				CLANG_WARN_SUSPICIOUS_MOVE = YES;
				CLANG_WARN_UNGUARDED_AVAILABILITY = YES_AGGRESSIVE;
				CLANG_WARN_UNREACHABLE_CODE = YES;
				CLANG_WARN__DUPLICATE_METHOD_MATCH = YES;
				COPY_PHASE_STRIP = NO;
				DEBUG_INFORMATION_FORMAT = "dwarf-with-dsym";
				ENABLE_NS_ASSERTIONS = NO;
				ENABLE_STRICT_OBJC_MSGSEND = YES;
				GCC_C_LANGUAGE_STANDARD = gnu11;
				GCC_NO_COMMON_BLOCKS = YES;
				GCC_WARN_64_TO_32_BIT_CONVERSION = YES;
				GCC_WARN_ABOUT_RETURN_TYPE = YES_ERROR;
				GCC_WARN_UNDECLARED_SELECTOR = YES;
				GCC_WARN_UNINITIALIZED_AUTOS = YES_AGGRESSIVE;
				GCC_WARN_UNUSED_FUNCTION = YES;
				GCC_WARN_UNUSED_VARIABLE = YES;
				IPHONEOS_DEPLOYMENT_TARGET = 13.2;
				MTL_ENABLE_DEBUG_INFO = NO;
				MTL_FAST_MATH = YES;
				SDKROOT = iphoneos;
				SWIFT_COMPILATION_MODE = wholemodule;
				SWIFT_OPTIMIZATION_LEVEL = "-O";
				VALIDATE_PRODUCT = YES;
			};
			name = Release;
		};
		ADF08F9E23F782FC007C0263 /* Debug */ = {
			isa = XCBuildConfiguration;
			buildSettings = {
				ASSETCATALOG_COMPILER_APPICON_NAME = AppIcon;
				CODE_SIGN_STYLE = Automatic;
				DEVELOPMENT_ASSET_PATHS = "\"Postable/Preview Content\"";
				ENABLE_PREVIEWS = YES;
				INFOPLIST_FILE = Postable/Info.plist;
				LD_RUNPATH_SEARCH_PATHS = (
					"$(inherited)",
					"@executable_path/Frameworks",
				);
				PRODUCT_BUNDLE_IDENTIFIER = com.nakano.hiromu.Postable;
				PRODUCT_NAME = "$(TARGET_NAME)";
				SWIFT_VERSION = 5.0;
				TARGETED_DEVICE_FAMILY = "1,2";
			};
			name = Debug;
		};
		ADF08F9F23F782FC007C0263 /* Release */ = {
			isa = XCBuildConfiguration;
			buildSettings = {
				ASSETCATALOG_COMPILER_APPICON_NAME = AppIcon;
				CODE_SIGN_STYLE = Automatic;
				DEVELOPMENT_ASSET_PATHS = "\"Postable/Preview Content\"";
				ENABLE_PREVIEWS = YES;
				INFOPLIST_FILE = Postable/Info.plist;
				LD_RUNPATH_SEARCH_PATHS = (
					"$(inherited)",
					"@executable_path/Frameworks",
				);
				PRODUCT_BUNDLE_IDENTIFIER = com.nakano.hiromu.Postable;
				PRODUCT_NAME = "$(TARGET_NAME)";
				SWIFT_VERSION = 5.0;
				TARGETED_DEVICE_FAMILY = "1,2";
			};
			name = Release;
		};
/* End XCBuildConfiguration section */

/* Begin XCConfigurationList section */
		ADF08F8423F782F9007C0263 /* Build configuration list for PBXProject "Postable" */ = {
			isa = XCConfigurationList;
			buildConfigurations = (
				ADF08F9B23F782FC007C0263 /* Debug */,
				ADF08F9C23F782FC007C0263 /* Release */,
			);
			defaultConfigurationIsVisible = 0;
			defaultConfigurationName = Release;
		};
		ADF08F9D23F782FC007C0263 /* Build configuration list for PBXNativeTarget "Postable" */ = {
			isa = XCConfigurationList;
			buildConfigurations = (
				ADF08F9E23F782FC007C0263 /* Debug */,
				ADF08F9F23F782FC007C0263 /* Release */,
			);
			defaultConfigurationIsVisible = 0;
			defaultConfigurationName = Release;
		};
/* End XCConfigurationList section */

/* Begin XCRemoteSwiftPackageReference section */
		ADF08FA023F7862D007C0263 /* XCRemoteSwiftPackageReference "Moya" */ = {
			isa = XCRemoteSwiftPackageReference;
			repositoryURL = "https://github.com/Moya/Moya.git";
			requirement = {
				kind = upToNextMajorVersion;
				minimumVersion = 13.0.1;
			};
		};
		ADF08FA323F786DA007C0263 /* XCRemoteSwiftPackageReference "Hydra" */ = {
			isa = XCRemoteSwiftPackageReference;
			repositoryURL = "https://github.com/malcommac/Hydra.git";
			requirement = {
				kind = upToNextMajorVersion;
				minimumVersion = 2.0.2;
			};
		};
		ADF08FA623F7950B007C0263 /* XCRemoteSwiftPackageReference "JGProgressHUD" */ = {
			isa = XCRemoteSwiftPackageReference;
			repositoryURL = "https://github.com/JonasGessner/JGProgressHUD.git";
			requirement = {
				kind = upToNextMajorVersion;
				minimumVersion = 2.1.0;
			};
		};
/* End XCRemoteSwiftPackageReference section */

/* Begin XCSwiftPackageProductDependency section */
		ADF08FA123F7862D007C0263 /* Moya */ = {
			isa = XCSwiftPackageProductDependency;
			package = ADF08FA023F7862D007C0263 /* XCRemoteSwiftPackageReference "Moya" */;
			productName = Moya;
		};
		ADF08FA423F786DA007C0263 /* Hydra */ = {
			isa = XCSwiftPackageProductDependency;
			package = ADF08FA323F786DA007C0263 /* XCRemoteSwiftPackageReference "Hydra" */;
			productName = Hydra;
		};
		ADF08FA723F7950B007C0263 /* JGProgressHUD */ = {
			isa = XCSwiftPackageProductDependency;
			package = ADF08FA623F7950B007C0263 /* XCRemoteSwiftPackageReference "JGProgressHUD" */;
			productName = JGProgressHUD;
		};
/* End XCSwiftPackageProductDependency section */
	};
	rootObject = ADF08F8123F782F9007C0263 /* Project object */;
}
